// !$*UTF8*$!
{
	archiveVersion = 1;
	classes = {
	};
	objectVersion = 50;
	objects = {

/* Begin PBXBuildFile section */
		AE23053723C14EB600560FF0 /* AppDelegate.swift in Sources */ = {isa = PBXBuildFile; fileRef = AE23053623C14EB600560FF0 /* AppDelegate.swift */; };
		AE23053923C14EB600560FF0 /* SceneDelegate.swift in Sources */ = {isa = PBXBuildFile; fileRef = AE23053823C14EB600560FF0 /* SceneDelegate.swift */; };
		AE23053B23C14EB600560FF0 /* ViewController.swift in Sources */ = {isa = PBXBuildFile; fileRef = AE23053A23C14EB600560FF0 /* ViewController.swift */; };
		AE23053E23C14EB600560FF0 /* Main.storyboard in Resources */ = {isa = PBXBuildFile; fileRef = AE23053C23C14EB600560FF0 /* Main.storyboard */; };
		AE23054023C14EBA00560FF0 /* Assets.xcassets in Resources */ = {isa = PBXBuildFile; fileRef = AE23053F23C14EBA00560FF0 /* Assets.xcassets */; };
		AE23054323C14EBA00560FF0 /* LaunchScreen.storyboard in Resources */ = {isa = PBXBuildFile; fileRef = AE23054123C14EBA00560FF0 /* LaunchScreen.storyboard */; };
		AE23054C23C14FA300560FF0 /* FootballCell.swift in Sources */ = {isa = PBXBuildFile; fileRef = AE23054A23C14FA300560FF0 /* FootballCell.swift */; };
		AE23054D23C14FA300560FF0 /* FootballCell.xib in Resources */ = {isa = PBXBuildFile; fileRef = AE23054B23C14FA300560FF0 /* FootballCell.xib */; };
/* End PBXBuildFile section */

/* Begin PBXFileReference section */
		AE23053323C14EB600560FF0 /* CustomCollectionViewCell.app */ = {isa = PBXFileReference; explicitFileType = wrapper.application; includeInIndex = 0; path = CustomCollectionViewCell.app; sourceTree = BUILT_PRODUCTS_DIR; };
		AE23053623C14EB600560FF0 /* AppDelegate.swift */ = {isa = PBXFileReference; lastKnownFileType = sourcecode.swift; path = AppDelegate.swift; sourceTree = "<group>"; };
		AE23053823C14EB600560FF0 /* SceneDelegate.swift */ = {isa = PBXFileReference; lastKnownFileType = sourcecode.swift; path = SceneDelegate.swift; sourceTree = "<group>"; };
		AE23053A23C14EB600560FF0 /* ViewController.swift */ = {isa = PBXFileReference; lastKnownFileType = sourcecode.swift; path = ViewController.swift; sourceTree = "<group>"; };
		AE23053D23C14EB600560FF0 /* Base */ = {isa = PBXFileReference; lastKnownFileType = file.storyboard; name = Base; path = Base.lproj/Main.storyboard; sourceTree = "<group>"; };
		AE23053F23C14EBA00560FF0 /* Assets.xcassets */ = {isa = PBXFileReference; lastKnownFileType = folder.assetcatalog; path = Assets.xcassets; sourceTree = "<group>"; };
		AE23054223C14EBA00560FF0 /* Base */ = {isa = PBXFileReference; lastKnownFileType = file.storyboard; name = Base; path = Base.lproj/LaunchScreen.storyboard; sourceTree = "<group>"; };
		AE23054423C14EBA00560FF0 /* Info.plist */ = {isa = PBXFileReference; lastKnownFileType = text.plist.xml; path = Info.plist; sourceTree = "<group>"; };
		AE23054A23C14FA300560FF0 /* FootballCell.swift */ = {isa = PBXFileReference; lastKnownFileType = sourcecode.swift; path = FootballCell.swift; sourceTree = "<group>"; };
		AE23054B23C14FA300560FF0 /* FootballCell.xib */ = {isa = PBXFileReference; lastKnownFileType = file.xib; path = FootballCell.xib; sourceTree = "<group>"; };
/* End PBXFileReference section */

/* Begin PBXFrameworksBuildPhase section */
		AE23053023C14EB600560FF0 /* Frameworks */ = {
			isa = PBXFrameworksBuildPhase;
			buildActionMask = 2147483647;
			files = (
			);
			runOnlyForDeploymentPostprocessing = 0;
		};
/* End PBXFrameworksBuildPhase section */

/* Begin PBXGroup section */
		AE23052A23C14EB600560FF0 = {
			isa = PBXGroup;
			children = (
				AE23053523C14EB600560FF0 /* CustomCollectionViewCell */,
				AE23053423C14EB600560FF0 /* Products */,
			);
			sourceTree = "<group>";
		};
		AE23053423C14EB600560FF0 /* Products */ = {
			isa = PBXGroup;
			children = (
				AE23053323C14EB600560FF0 /* CustomCollectionViewCell.app */,
			);
			name = Products;
			sourceTree = "<group>";
		};
		AE23053523C14EB600560FF0 /* CustomCollectionViewCell */ = {
			isa = PBXGroup;
			children = (
				AE23053623C14EB600560FF0 /* AppDelegate.swift */,
				AE23053823C14EB600560FF0 /* SceneDelegate.swift */,
				AE23053A23C14EB600560FF0 /* ViewController.swift */,
				AE23053C23C14EB600560FF0 /* Main.storyboard */,
				AE23054A23C14FA300560FF0 /* FootballCell.swift */,
				AE23054B23C14FA300560FF0 /* FootballCell.xib */,
				AE23053F23C14EBA00560FF0 /* Assets.xcassets */,
				AE23054123C14EBA00560FF0 /* LaunchScreen.storyboard */,
				AE23054423C14EBA00560FF0 /* Info.plist */,
			);
			path = CustomCollectionViewCell;
			sourceTree = "<group>";
		};
/* End PBXGroup section */

/* Begin PBXNativeTarget section */
		AE23053223C14EB600560FF0 /* CustomCollectionViewCell */ = {
			isa = PBXNativeTarget;
			buildConfigurationList = AE23054723C14EBA00560FF0 /* Build configuration list for PBXNativeTarget "CustomCollectionViewCell" */;
			buildPhases = (
				AE23052F23C14EB600560FF0 /* Sources */,
				AE23053023C14EB600560FF0 /* Frameworks */,
				AE23053123C14EB600560FF0 /* Resources */,
			);
			buildRules = (
			);
			dependencies = (
			);
			name = CustomCollectionViewCell;
			productName = CustomCollectionViewCell;
			productReference = AE23053323C14EB600560FF0 /* CustomCollectionViewCell.app */;
			productType = "com.apple.product-type.application";
		};
/* End PBXNativeTarget section */

/* Begin PBXProject section */
		AE23052B23C14EB600560FF0 /* Project object */ = {
			isa = PBXProject;
			attributes = {
				LastSwiftUpdateCheck = 1130;
				LastUpgradeCheck = 1130;
				ORGANIZATIONNAME = "Prasath Srithar";
				TargetAttributes = {
					AE23053223C14EB600560FF0 = {
						CreatedOnToolsVersion = 11.3;
					};
				};
			};
			buildConfigurationList = AE23052E23C14EB600560FF0 /* Build configuration list for PBXProject "CustomCollectionViewCell" */;
			compatibilityVersion = "Xcode 9.3";
			developmentRegion = en;
			hasScannedForEncodings = 0;
			knownRegions = (
				en,
				Base,
			);
			mainGroup = AE23052A23C14EB600560FF0;
			productRefGroup = AE23053423C14EB600560FF0 /* Products */;
			projectDirPath = "";
			projectRoot = "";
			targets = (
				AE23053223C14EB600560FF0 /* CustomCollectionViewCell */,
			);
		};
/* End PBXProject section */

/* Begin PBXResourcesBuildPhase section */
		AE23053123C14EB600560FF0 /* Resources */ = {
			isa = PBXResourcesBuildPhase;
			buildActionMask = 2147483647;
			files = (
				AE23054D23C14FA300560FF0 /* FootballCell.xib in Resources */,
				AE23054323C14EBA00560FF0 /* LaunchScreen.storyboard in Resources */,
				AE23054023C14EBA00560FF0 /* Assets.xcassets in Resources */,
				AE23053E23C14EB600560FF0 /* Main.storyboard in Resources */,
			);
			runOnlyForDeploymentPostprocessing = 0;
		};
/* End PBXResourcesBuildPhase section */

/* Begin PBXSourcesBuildPhase section */
		AE23052F23C14EB600560FF0 /* Sources */ = {
			isa = PBXSourcesBuildPhase;
			buildActionMask = 2147483647;
			files = (
				AE23054C23C14FA300560FF0 /* FootballCell.swift in Sources */,
				AE23053B23C14EB600560FF0 /* ViewController.swift in Sources */,
				AE23053723C14EB600560FF0 /* AppDelegate.swift in Sources */,
				AE23053923C14EB600560FF0 /* SceneDelegate.swift in Sources */,
			);
			runOnlyForDeploymentPostprocessing = 0;
		};
/* End PBXSourcesBuildPhase section */

/* Begin PBXVariantGroup section */
		AE23053C23C14EB600560FF0 /* Main.storyboard */ = {
			isa = PBXVariantGroup;
			children = (
				AE23053D23C14EB600560FF0 /* Base */,
			);
			name = Main.storyboard;
			sourceTree = "<group>";
		};
		AE23054123C14EBA00560FF0 /* LaunchScreen.storyboard */ = {
			isa = PBXVariantGroup;
			children = (
				AE23054223C14EBA00560FF0 /* Base */,
			);
			name = LaunchScreen.storyboard;
			sourceTree = "<group>";
		};
/* End PBXVariantGroup section */

/* Begin XCBuildConfiguration section */
		AE23054523C14EBA00560FF0 /* Debug */ = {
			isa = XCBuildConfiguration;
			buildSettings = {
				ALWAYS_SEARCH_USER_PATHS = NO;
				CLANG_ANALYZER_NONNULL = YES;
				CLANG_ANALYZER_NUMBER_OBJECT_CONVERSION = YES_AGGRESSIVE;
				CLANG_CXX_LANGUAGE_STANDARD = "gnu++14";
				CLANG_CXX_LIBRARY = "libc++";
				CLANG_ENABLE_MODULES = YES;
				CLANG_ENABLE_OBJC_ARC = YES;
				CLANG_ENABLE_OBJC_WEAK = YES;
				CLANG_WARN_BLOCK_CAPTURE_AUTORELEASING = YES;
				CLANG_WARN_BOOL_CONVERSION = YES;
				CLANG_WARN_COMMA = YES;
				CLANG_WARN_CONSTANT_CONVERSION = YES;
				CLANG_WARN_DEPRECATED_OBJC_IMPLEMENTATIONS = YES;
				CLANG_WARN_DIRECT_OBJC_ISA_USAGE = YES_ERROR;
				CLANG_WARN_DOCUMENTATION_COMMENTS = YES;
				CLANG_WARN_EMPTY_BODY = YES;
				CLANG_WARN_ENUM_CONVERSION = YES;
				CLANG_WARN_INFINITE_RECURSION = YES;
				CLANG_WARN_INT_CONVERSION = YES;
				CLANG_WARN_NON_LITERAL_NULL_CONVERSION = YES;
				CLANG_WARN_OBJC_IMPLICIT_RETAIN_SELF = YES;
				CLANG_WARN_OBJC_LITERAL_CONVERSION = YES;
				CLANG_WARN_OBJC_ROOT_CLASS = YES_ERROR;
				CLANG_WARN_RANGE_LOOP_ANALYSIS = YES;
				CLANG_WARN_STRICT_PROTOTYPES = YES;
				CLANG_WARN_SUSPICIOUS_MOVE = YES;
				CLANG_WARN_UNGUARDED_AVAILABILITY = YES_AGGRESSIVE;
				CLANG_WARN_UNREACHABLE_CODE = YES;
				CLANG_WARN__DUPLICATE_METHOD_MATCH = YES;
				COPY_PHASE_STRIP = NO;
				DEBUG_INFORMATION_FORMAT = dwarf;
				ENABLE_STRICT_OBJC_MSGSEND = YES;
				ENABLE_TESTABILITY = YES;
				GCC_C_LANGUAGE_STANDARD = gnu11;
				GCC_DYNAMIC_NO_PIC = NO;
				GCC_NO_COMMON_BLOCKS = YES;
				GCC_OPTIMIZATION_LEVEL = 0;
				GCC_PREPROCESSOR_DEFINITIONS = (
					"DEBUG=1",
					"$(inherited)",
				);
				GCC_WARN_64_TO_32_BIT_CONVERSION = YES;
				GCC_WARN_ABOUT_RETURN_TYPE = YES_ERROR;
				GCC_WARN_UNDECLARED_SELECTOR = YES;
				GCC_WARN_UNINITIALIZED_AUTOS = YES_AGGRESSIVE;
				GCC_WARN_UNUSED_FUNCTION = YES;
				GCC_WARN_UNUSED_VARIABLE = YES;
				IPHONEOS_DEPLOYMENT_TARGET = 13.2;
				MTL_ENABLE_DEBUG_INFO = INCLUDE_SOURCE;
				MTL_FAST_MATH = YES;
				ONLY_ACTIVE_ARCH = YES;
				SDKROOT = iphoneos;
				SWIFT_ACTIVE_COMPILATION_CONDITIONS = DEBUG;
				SWIFT_OPTIMIZATION_LEVEL = "-Onone";
			};
			name = Debug;
		};
		AE23054623C14EBA00560FF0 /* Release */ = {
			isa = XCBuildConfiguration;
			buildSettings = {
				ALWAYS_SEARCH_USER_PATHS = NO;
				CLANG_ANALYZER_NONNULL = YES;
				CLANG_ANALYZER_NUMBER_OBJECT_CONVERSION = YES_AGGRESSIVE;
				CLANG_CXX_LANGUAGE_STANDARD = "gnu++14";
				CLANG_CXX_LIBRARY = "libc++";
				CLANG_ENABLE_MODULES = YES;
				CLANG_ENABLE_OBJC_ARC = YES;
				CLANG_ENABLE_OBJC_WEAK = YES;
				CLANG_WARN_BLOCK_CAPTURE_AUTORELEASING = YES;
				CLANG_WARN_BOOL_CONVERSION = YES;
				CLANG_WARN_COMMA = YES;
				CLANG_WARN_CONSTANT_CONVERSION = YES;
				CLANG_WARN_DEPRECATED_OBJC_IMPLEMENTATIONS = YES;
				CLANG_WARN_DIRECT_OBJC_ISA_USAGE = YES_ERROR;
				CLANG_WARN_DOCUMENTATION_COMMENTS = YES;
				CLANG_WARN_EMPTY_BODY = YES;
				CLANG_WARN_ENUM_CONVERSION = YES;
				CLANG_WARN_INFINITE_RECURSION = YES;
				CLANG_WARN_INT_CONVERSION = YES;
				CLANG_WARN_NON_LITERAL_NULL_CONVERSION = YES;
				CLANG_WARN_OBJC_IMPLICIT_RETAIN_SELF = YES;
				CLANG_WARN_OBJC_LITERAL_CONVERSION = YES;
				CLANG_WARN_OBJC_ROOT_CLASS = YES_ERROR;
				CLANG_WARN_RANGE_LOOP_ANALYSIS = YES;
				CLANG_WARN_STRICT_PROTOTYPES = YES;
				CLANG_WARN_SUSPICIOUS_MOVE = YES;
				CLANG_WARN_UNGUARDED_AVAILABILITY = YES_AGGRESSIVE;
				CLANG_WARN_UNREACHABLE_CODE = YES;
				CLANG_WARN__DUPLICATE_METHOD_MATCH = YES;
				COPY_PHASE_STRIP = NO;
				DEBUG_INFORMATION_FORMAT = "dwarf-with-dsym";
				ENABLE_NS_ASSERTIONS = NO;
				ENABLE_STRICT_OBJC_MSGSEND = YES;
				GCC_C_LANGUAGE_STANDARD = gnu11;
				GCC_NO_COMMON_BLOCKS = YES;
				GCC_WARN_64_TO_32_BIT_CONVERSION = YES;
				GCC_WARN_ABOUT_RETURN_TYPE = YES_ERROR;
				GCC_WARN_UNDECLARED_SELECTOR = YES;
				GCC_WARN_UNINITIALIZED_AUTOS = YES_AGGRESSIVE;
				GCC_WARN_UNUSED_FUNCTION = YES;
				GCC_WARN_UNUSED_VARIABLE = YES;
				IPHONEOS_DEPLOYMENT_TARGET = 13.2;
				MTL_ENABLE_DEBUG_INFO = NO;
				MTL_FAST_MATH = YES;
				SDKROOT = iphoneos;
				SWIFT_COMPILATION_MODE = wholemodule;
				SWIFT_OPTIMIZATION_LEVEL = "-O";
				VALIDATE_PRODUCT = YES;
			};
			name = Release;
		};
		AE23054823C14EBA00560FF0 /* Debug */ = {
			isa = XCBuildConfiguration;
			buildSettings = {
				ASSETCATALOG_COMPILER_APPICON_NAME = AppIcon;
				CODE_SIGN_STYLE = Automatic;
				DEVELOPMENT_TEAM = 4NCWA5D7GZ;
				INFOPLIST_FILE = CustomCollectionViewCell/Info.plist;
				LD_RUNPATH_SEARCH_PATHS = (
					"$(inherited)",
					"@executable_path/Frameworks",
				);
				PRODUCT_BUNDLE_IDENTIFIER = com.prasath.CustomCollectionViewCell;
				PRODUCT_NAME = "$(TARGET_NAME)";
				SWIFT_VERSION = 5.0;
				TARGETED_DEVICE_FAMILY = "1,2";
			};
			name = Debug;
		};
		AE23054923C14EBA00560FF0 /* Release */ = {
			isa = XCBuildConfiguration;
			buildSettings = {
				ASSETCATALOG_COMPILER_APPICON_NAME = AppIcon;
				CODE_SIGN_STYLE = Automatic;
				DEVELOPMENT_TEAM = 4NCWA5D7GZ;
				INFOPLIST_FILE = CustomCollectionViewCell/Info.plist;
				LD_RUNPATH_SEARCH_PATHS = (
					"$(inherited)",
					"@executable_path/Frameworks",
				);
				PRODUCT_BUNDLE_IDENTIFIER = com.prasath.CustomCollectionViewCell;
				PRODUCT_NAME = "$(TARGET_NAME)";
				SWIFT_VERSION = 5.0;
				TARGETED_DEVICE_FAMILY = "1,2";
			};
			name = Release;
		};
/* End XCBuildConfiguration section */

/* Begin XCConfigurationList section */
		AE23052E23C14EB600560FF0 /* Build configuration list for PBXProject "CustomCollectionViewCell" */ = {
			isa = XCConfigurationList;
			buildConfigurations = (
				AE23054523C14EBA00560FF0 /* Debug */,
				AE23054623C14EBA00560FF0 /* Release */,
			);
			defaultConfigurationIsVisible = 0;
			defaultConfigurationName = Release;
		};
		AE23054723C14EBA00560FF0 /* Build configuration list for PBXNativeTarget "CustomCollectionViewCell" */ = {
			isa = XCConfigurationList;
			buildConfigurations = (
				AE23054823C14EBA00560FF0 /* Debug */,
				AE23054923C14EBA00560FF0 /* Release */,
			);
			defaultConfigurationIsVisible = 0;
			defaultConfigurationName = Release;
		};
/* End XCConfigurationList section */
	};
	rootObject = AE23052B23C14EB600560FF0 /* Project object */;
}
